// !$*UTF8*$!
{
	archiveVersion = 1;
	classes = {
	};
	objectVersion = 50;
	objects = {

/* Begin PBXBuildFile section */
		4E1FB23D250ABE110028CBA4 /* Chore.swift in Sources */ = {isa = PBXBuildFile; fileRef = 4E1FB23A250ABE110028CBA4 /* Chore.swift */; };
		4E1FB23E250ABE110028CBA4 /* Chore+Period.swift in Sources */ = {isa = PBXBuildFile; fileRef = 4E1FB23B250ABE110028CBA4 /* Chore+Period.swift */; };
		4E1FB23F250ABE110028CBA4 /* ChoresDatabase.swift in Sources */ = {isa = PBXBuildFile; fileRef = 4E1FB23C250ABE110028CBA4 /* ChoresDatabase.swift */; };
		4E3CC760252A748E0019900B /* EditChoresMenuView.swift in Sources */ = {isa = PBXBuildFile; fileRef = 4E3CC75F252A748E0019900B /* EditChoresMenuView.swift */; };
		4E3CC764252A79650019900B /* EditChoresMenuViewModel.swift in Sources */ = {isa = PBXBuildFile; fileRef = 4E3CC763252A79650019900B /* EditChoresMenuViewModel.swift */; };
		4E3CC76A252A80A50019900B /* EditChoresMenuButtonView.swift in Sources */ = {isa = PBXBuildFile; fileRef = 4E3CC769252A80A50019900B /* EditChoresMenuButtonView.swift */; };
		4E546BDE250AC3F50021801D /* MainViewModel.swift in Sources */ = {isa = PBXBuildFile; fileRef = 4E546BDD250AC3F50021801D /* MainViewModel.swift */; };
		4E59AC60250AD519007ED1A6 /* SettingsView.swift in Sources */ = {isa = PBXBuildFile; fileRef = 4E59AC5F250AD519007ED1A6 /* SettingsView.swift */; };
		4E86DA0C2517A79900A2021E /* EditChoresView.swift in Sources */ = {isa = PBXBuildFile; fileRef = 4E86DA0B2517A79900A2021E /* EditChoresView.swift */; };
		4E86DA142517A97100A2021E /* EditChoresViewModel.swift in Sources */ = {isa = PBXBuildFile; fileRef = 4E86DA132517A97100A2021E /* EditChoresViewModel.swift */; };
		4EC809EF2517AF2700C409E3 /* ChoreView.swift in Sources */ = {isa = PBXBuildFile; fileRef = 4EC809EE2517AF2700C409E3 /* ChoreView.swift */; };
		4EC908AB25255601006C3BCF /* SettingsButtonView.swift in Sources */ = {isa = PBXBuildFile; fileRef = 4EC908AA25255601006C3BCF /* SettingsButtonView.swift */; };
		4EC908B125255860006C3BCF /* NextButtonView.swift in Sources */ = {isa = PBXBuildFile; fileRef = 4EC908B025255860006C3BCF /* NextButtonView.swift */; };
		4EC908B725255A1A006C3BCF /* MainTextView.swift in Sources */ = {isa = PBXBuildFile; fileRef = 4EC908B625255A1A006C3BCF /* MainTextView.swift */; };
		4ECDBB9B250ABDA9002F5BC5 /* AppDelegate.swift in Sources */ = {isa = PBXBuildFile; fileRef = 4ECDBB9A250ABDA9002F5BC5 /* AppDelegate.swift */; };
		4ECDBB9D250ABDA9002F5BC5 /* SceneDelegate.swift in Sources */ = {isa = PBXBuildFile; fileRef = 4ECDBB9C250ABDA9002F5BC5 /* SceneDelegate.swift */; };
		4ECDBB9F250ABDA9002F5BC5 /* MainView.swift in Sources */ = {isa = PBXBuildFile; fileRef = 4ECDBB9E250ABDA9002F5BC5 /* MainView.swift */; };
		4ECDBBA1250ABDAA002F5BC5 /* Assets.xcassets in Resources */ = {isa = PBXBuildFile; fileRef = 4ECDBBA0250ABDAA002F5BC5 /* Assets.xcassets */; };
		4ECDBBA4250ABDAA002F5BC5 /* Preview Assets.xcassets in Resources */ = {isa = PBXBuildFile; fileRef = 4ECDBBA3250ABDAA002F5BC5 /* Preview Assets.xcassets */; };
		4ECDBBA7250ABDAA002F5BC5 /* LaunchScreen.storyboard in Resources */ = {isa = PBXBuildFile; fileRef = 4ECDBBA5250ABDAA002F5BC5 /* LaunchScreen.storyboard */; };
		4ECDBBB2250ABDAA002F5BC5 /* TinyChores03Tests.swift in Sources */ = {isa = PBXBuildFile; fileRef = 4ECDBBB1250ABDAA002F5BC5 /* TinyChores03Tests.swift */; };
		4EE2DE94251A8C3700675C8D /* AddChoreView.swift in Sources */ = {isa = PBXBuildFile; fileRef = 4EE2DE93251A8C3700675C8D /* AddChoreView.swift */; };
		4EE2DE9A251A922B00675C8D /* AddChoreViewModel.swift in Sources */ = {isa = PBXBuildFile; fileRef = 4EE2DE99251A922B00675C8D /* AddChoreViewModel.swift */; };
/* End PBXBuildFile section */

/* Begin PBXContainerItemProxy section */
		4ECDBBAE250ABDAA002F5BC5 /* PBXContainerItemProxy */ = {
			isa = PBXContainerItemProxy;
			containerPortal = 4ECDBB8F250ABDA9002F5BC5 /* Project object */;
			proxyType = 1;
			remoteGlobalIDString = 4ECDBB96250ABDA9002F5BC5;
			remoteInfo = TinyChores03;
		};
/* End PBXContainerItemProxy section */

/* Begin PBXFileReference section */
		4E1FB23A250ABE110028CBA4 /* Chore.swift */ = {isa = PBXFileReference; fileEncoding = 4; lastKnownFileType = sourcecode.swift; path = Chore.swift; sourceTree = "<group>"; };
		4E1FB23B250ABE110028CBA4 /* Chore+Period.swift */ = {isa = PBXFileReference; fileEncoding = 4; lastKnownFileType = sourcecode.swift; path = "Chore+Period.swift"; sourceTree = "<group>"; };
		4E1FB23C250ABE110028CBA4 /* ChoresDatabase.swift */ = {isa = PBXFileReference; fileEncoding = 4; lastKnownFileType = sourcecode.swift; path = ChoresDatabase.swift; sourceTree = "<group>"; };
		4E3CC75F252A748E0019900B /* EditChoresMenuView.swift */ = {isa = PBXFileReference; lastKnownFileType = sourcecode.swift; path = EditChoresMenuView.swift; sourceTree = "<group>"; };
		4E3CC763252A79650019900B /* EditChoresMenuViewModel.swift */ = {isa = PBXFileReference; lastKnownFileType = sourcecode.swift; path = EditChoresMenuViewModel.swift; sourceTree = "<group>"; };
		4E3CC769252A80A50019900B /* EditChoresMenuButtonView.swift */ = {isa = PBXFileReference; lastKnownFileType = sourcecode.swift; path = EditChoresMenuButtonView.swift; sourceTree = "<group>"; };
		4E546BDD250AC3F50021801D /* MainViewModel.swift */ = {isa = PBXFileReference; lastKnownFileType = sourcecode.swift; path = MainViewModel.swift; sourceTree = "<group>"; };
		4E59AC5F250AD519007ED1A6 /* SettingsView.swift */ = {isa = PBXFileReference; lastKnownFileType = sourcecode.swift; path = SettingsView.swift; sourceTree = "<group>"; };
		4E86DA0B2517A79900A2021E /* EditChoresView.swift */ = {isa = PBXFileReference; lastKnownFileType = sourcecode.swift; path = EditChoresView.swift; sourceTree = "<group>"; };
		4E86DA132517A97100A2021E /* EditChoresViewModel.swift */ = {isa = PBXFileReference; lastKnownFileType = sourcecode.swift; path = EditChoresViewModel.swift; sourceTree = "<group>"; };
		4EC809EE2517AF2700C409E3 /* ChoreView.swift */ = {isa = PBXFileReference; lastKnownFileType = sourcecode.swift; path = ChoreView.swift; sourceTree = "<group>"; };
		4EC908AA25255601006C3BCF /* SettingsButtonView.swift */ = {isa = PBXFileReference; lastKnownFileType = sourcecode.swift; path = SettingsButtonView.swift; sourceTree = "<group>"; };
		4EC908B025255860006C3BCF /* NextButtonView.swift */ = {isa = PBXFileReference; lastKnownFileType = sourcecode.swift; path = NextButtonView.swift; sourceTree = "<group>"; };
		4EC908B625255A1A006C3BCF /* MainTextView.swift */ = {isa = PBXFileReference; lastKnownFileType = sourcecode.swift; path = MainTextView.swift; sourceTree = "<group>"; };
		4ECDBB97250ABDA9002F5BC5 /* TinyChores03.app */ = {isa = PBXFileReference; explicitFileType = wrapper.application; includeInIndex = 0; path = TinyChores03.app; sourceTree = BUILT_PRODUCTS_DIR; };
		4ECDBB9A250ABDA9002F5BC5 /* AppDelegate.swift */ = {isa = PBXFileReference; lastKnownFileType = sourcecode.swift; path = AppDelegate.swift; sourceTree = "<group>"; };
		4ECDBB9C250ABDA9002F5BC5 /* SceneDelegate.swift */ = {isa = PBXFileReference; lastKnownFileType = sourcecode.swift; path = SceneDelegate.swift; sourceTree = "<group>"; };
		4ECDBB9E250ABDA9002F5BC5 /* MainView.swift */ = {isa = PBXFileReference; lastKnownFileType = sourcecode.swift; path = MainView.swift; sourceTree = "<group>"; };
		4ECDBBA0250ABDAA002F5BC5 /* Assets.xcassets */ = {isa = PBXFileReference; lastKnownFileType = folder.assetcatalog; path = Assets.xcassets; sourceTree = "<group>"; };
		4ECDBBA3250ABDAA002F5BC5 /* Preview Assets.xcassets */ = {isa = PBXFileReference; lastKnownFileType = folder.assetcatalog; path = "Preview Assets.xcassets"; sourceTree = "<group>"; };
		4ECDBBA6250ABDAA002F5BC5 /* Base */ = {isa = PBXFileReference; lastKnownFileType = file.storyboard; name = Base; path = Base.lproj/LaunchScreen.storyboard; sourceTree = "<group>"; };
		4ECDBBA8250ABDAA002F5BC5 /* Info.plist */ = {isa = PBXFileReference; lastKnownFileType = text.plist.xml; path = Info.plist; sourceTree = "<group>"; };
		4ECDBBAD250ABDAA002F5BC5 /* TinyChores03Tests.xctest */ = {isa = PBXFileReference; explicitFileType = wrapper.cfbundle; includeInIndex = 0; path = TinyChores03Tests.xctest; sourceTree = BUILT_PRODUCTS_DIR; };
		4ECDBBB1250ABDAA002F5BC5 /* TinyChores03Tests.swift */ = {isa = PBXFileReference; lastKnownFileType = sourcecode.swift; path = TinyChores03Tests.swift; sourceTree = "<group>"; };
		4ECDBBB3250ABDAA002F5BC5 /* Info.plist */ = {isa = PBXFileReference; lastKnownFileType = text.plist.xml; path = Info.plist; sourceTree = "<group>"; };
		4EE2DE93251A8C3700675C8D /* AddChoreView.swift */ = {isa = PBXFileReference; lastKnownFileType = sourcecode.swift; path = AddChoreView.swift; sourceTree = "<group>"; };
		4EE2DE99251A922B00675C8D /* AddChoreViewModel.swift */ = {isa = PBXFileReference; lastKnownFileType = sourcecode.swift; path = AddChoreViewModel.swift; sourceTree = "<group>"; };
/* End PBXFileReference section */

/* Begin PBXFrameworksBuildPhase section */
		4ECDBB94250ABDA9002F5BC5 /* Frameworks */ = {
			isa = PBXFrameworksBuildPhase;
			buildActionMask = 2147483647;
			files = (
			);
			runOnlyForDeploymentPostprocessing = 0;
		};
		4ECDBBAA250ABDAA002F5BC5 /* Frameworks */ = {
			isa = PBXFrameworksBuildPhase;
			buildActionMask = 2147483647;
			files = (
			);
			runOnlyForDeploymentPostprocessing = 0;
		};
/* End PBXFrameworksBuildPhase section */

/* Begin PBXGroup section */
		4E1FB240250ABE180028CBA4 /* Model */ = {
			isa = PBXGroup;
			children = (
				4E1FB23A250ABE110028CBA4 /* Chore.swift */,
				4E1FB23B250ABE110028CBA4 /* Chore+Period.swift */,
				4E1FB23C250ABE110028CBA4 /* ChoresDatabase.swift */,
			);
			path = Model;
			sourceTree = "<group>";
		};
		4E1FB241250ABE220028CBA4 /* Views */ = {
			isa = PBXGroup;
			children = (
				4EE2DE92251A8C2A00675C8D /* Add */,
				4E86DA122517A96300A2021E /* Edit */,
				4E86DA112517A95400A2021E /* Main */,
				4EE2DE9D251A9F2E00675C8D /* Settings */,
			);
			path = Views;
			sourceTree = "<group>";
		};
		4E86DA112517A95400A2021E /* Main */ = {
			isa = PBXGroup;
			children = (
				4ECDBB9E250ABDA9002F5BC5 /* MainView.swift */,
				4E546BDD250AC3F50021801D /* MainViewModel.swift */,
				4EC908B625255A1A006C3BCF /* MainTextView.swift */,
				4EC908B025255860006C3BCF /* NextButtonView.swift */,
				4EC908AA25255601006C3BCF /* SettingsButtonView.swift */,
			);
			path = Main;
			sourceTree = "<group>";
		};
		4E86DA122517A96300A2021E /* Edit */ = {
			isa = PBXGroup;
			children = (
				4E86DA0B2517A79900A2021E /* EditChoresView.swift */,
				4E86DA132517A97100A2021E /* EditChoresViewModel.swift */,
				4EC809EE2517AF2700C409E3 /* ChoreView.swift */,
				4E3CC75F252A748E0019900B /* EditChoresMenuView.swift */,
				4E3CC763252A79650019900B /* EditChoresMenuViewModel.swift */,
				4E3CC769252A80A50019900B /* EditChoresMenuButtonView.swift */,
			);
			path = Edit;
			sourceTree = "<group>";
		};
		4ECDBB8E250ABDA9002F5BC5 = {
			isa = PBXGroup;
			children = (
				4ECDBB99250ABDA9002F5BC5 /* TinyChores03 */,
				4ECDBBB0250ABDAA002F5BC5 /* TinyChores03Tests */,
				4ECDBB98250ABDA9002F5BC5 /* Products */,
			);
			sourceTree = "<group>";
		};
		4ECDBB98250ABDA9002F5BC5 /* Products */ = {
			isa = PBXGroup;
			children = (
				4ECDBB97250ABDA9002F5BC5 /* TinyChores03.app */,
				4ECDBBAD250ABDAA002F5BC5 /* TinyChores03Tests.xctest */,
			);
			name = Products;
			sourceTree = "<group>";
		};
		4ECDBB99250ABDA9002F5BC5 /* TinyChores03 */ = {
			isa = PBXGroup;
			children = (
				4E1FB240250ABE180028CBA4 /* Model */,
				4E1FB241250ABE220028CBA4 /* Views */,
				4ECDBB9A250ABDA9002F5BC5 /* AppDelegate.swift */,
				4ECDBB9C250ABDA9002F5BC5 /* SceneDelegate.swift */,
				4ECDBBA0250ABDAA002F5BC5 /* Assets.xcassets */,
				4ECDBBA5250ABDAA002F5BC5 /* LaunchScreen.storyboard */,
				4ECDBBA8250ABDAA002F5BC5 /* Info.plist */,
				4ECDBBA2250ABDAA002F5BC5 /* Preview Content */,
			);
			path = TinyChores03;
			sourceTree = "<group>";
		};
		4ECDBBA2250ABDAA002F5BC5 /* Preview Content */ = {
			isa = PBXGroup;
			children = (
				4ECDBBA3250ABDAA002F5BC5 /* Preview Assets.xcassets */,
			);
			path = "Preview Content";
			sourceTree = "<group>";
		};
		4ECDBBB0250ABDAA002F5BC5 /* TinyChores03Tests */ = {
			isa = PBXGroup;
			children = (
				4ECDBBB1250ABDAA002F5BC5 /* TinyChores03Tests.swift */,
				4ECDBBB3250ABDAA002F5BC5 /* Info.plist */,
			);
			path = TinyChores03Tests;
			sourceTree = "<group>";
		};
		4EE2DE92251A8C2A00675C8D /* Add */ = {
			isa = PBXGroup;
			children = (
				4EE2DE93251A8C3700675C8D /* AddChoreView.swift */,
				4EE2DE99251A922B00675C8D /* AddChoreViewModel.swift */,
			);
			path = Add;
			sourceTree = "<group>";
		};
		4EE2DE9D251A9F2E00675C8D /* Settings */ = {
			isa = PBXGroup;
			children = (
				4E59AC5F250AD519007ED1A6 /* SettingsView.swift */,
			);
			path = Settings;
			sourceTree = "<group>";
		};
/* End PBXGroup section */

/* Begin PBXNativeTarget section */
		4ECDBB96250ABDA9002F5BC5 /* TinyChores03 */ = {
			isa = PBXNativeTarget;
			buildConfigurationList = 4ECDBBB6250ABDAA002F5BC5 /* Build configuration list for PBXNativeTarget "TinyChores03" */;
			buildPhases = (
				4ECDBB93250ABDA9002F5BC5 /* Sources */,
				4ECDBB94250ABDA9002F5BC5 /* Frameworks */,
				4ECDBB95250ABDA9002F5BC5 /* Resources */,
			);
			buildRules = (
			);
			dependencies = (
			);
			name = TinyChores03;
			productName = TinyChores03;
			productReference = 4ECDBB97250ABDA9002F5BC5 /* TinyChores03.app */;
			productType = "com.apple.product-type.application";
		};
		4ECDBBAC250ABDAA002F5BC5 /* TinyChores03Tests */ = {
			isa = PBXNativeTarget;
			buildConfigurationList = 4ECDBBB9250ABDAA002F5BC5 /* Build configuration list for PBXNativeTarget "TinyChores03Tests" */;
			buildPhases = (
				4ECDBBA9250ABDAA002F5BC5 /* Sources */,
				4ECDBBAA250ABDAA002F5BC5 /* Frameworks */,
				4ECDBBAB250ABDAA002F5BC5 /* Resources */,
			);
			buildRules = (
			);
			dependencies = (
				4ECDBBAF250ABDAA002F5BC5 /* PBXTargetDependency */,
			);
			name = TinyChores03Tests;
			productName = TinyChores03Tests;
			productReference = 4ECDBBAD250ABDAA002F5BC5 /* TinyChores03Tests.xctest */;
			productType = "com.apple.product-type.bundle.unit-test";
		};
/* End PBXNativeTarget section */

/* Begin PBXProject section */
		4ECDBB8F250ABDA9002F5BC5 /* Project object */ = {
			isa = PBXProject;
			attributes = {
				LastSwiftUpdateCheck = 1170;
				LastUpgradeCheck = 1200;
				ORGANIZATIONNAME = "Gary Kerr";
				TargetAttributes = {
					4ECDBB96250ABDA9002F5BC5 = {
						CreatedOnToolsVersion = 11.7;
					};
					4ECDBBAC250ABDAA002F5BC5 = {
						CreatedOnToolsVersion = 11.7;
						TestTargetID = 4ECDBB96250ABDA9002F5BC5;
					};
				};
			};
			buildConfigurationList = 4ECDBB92250ABDA9002F5BC5 /* Build configuration list for PBXProject "TinyChores03" */;
			compatibilityVersion = "Xcode 9.3";
			developmentRegion = en;
			hasScannedForEncodings = 0;
			knownRegions = (
				en,
				Base,
			);
			mainGroup = 4ECDBB8E250ABDA9002F5BC5;
			productRefGroup = 4ECDBB98250ABDA9002F5BC5 /* Products */;
			projectDirPath = "";
			projectRoot = "";
			targets = (
				4ECDBB96250ABDA9002F5BC5 /* TinyChores03 */,
				4ECDBBAC250ABDAA002F5BC5 /* TinyChores03Tests */,
			);
		};
/* End PBXProject section */

/* Begin PBXResourcesBuildPhase section */
		4ECDBB95250ABDA9002F5BC5 /* Resources */ = {
			isa = PBXResourcesBuildPhase;
			buildActionMask = 2147483647;
			files = (
				4ECDBBA7250ABDAA002F5BC5 /* LaunchScreen.storyboard in Resources */,
				4ECDBBA4250ABDAA002F5BC5 /* Preview Assets.xcassets in Resources */,
				4ECDBBA1250ABDAA002F5BC5 /* Assets.xcassets in Resources */,
			);
			runOnlyForDeploymentPostprocessing = 0;
		};
		4ECDBBAB250ABDAA002F5BC5 /* Resources */ = {
			isa = PBXResourcesBuildPhase;
			buildActionMask = 2147483647;
			files = (
			);
			runOnlyForDeploymentPostprocessing = 0;
		};
/* End PBXResourcesBuildPhase section */

/* Begin PBXSourcesBuildPhase section */
		4ECDBB93250ABDA9002F5BC5 /* Sources */ = {
			isa = PBXSourcesBuildPhase;
			buildActionMask = 2147483647;
			files = (
				4E3CC76A252A80A50019900B /* EditChoresMenuButtonView.swift in Sources */,
				4E546BDE250AC3F50021801D /* MainViewModel.swift in Sources */,
				4E59AC60250AD519007ED1A6 /* SettingsView.swift in Sources */,
				4EC908B725255A1A006C3BCF /* MainTextView.swift in Sources */,
				4E86DA142517A97100A2021E /* EditChoresViewModel.swift in Sources */,
				4E1FB23E250ABE110028CBA4 /* Chore+Period.swift in Sources */,
				4E3CC764252A79650019900B /* EditChoresMenuViewModel.swift in Sources */,
				4EE2DE9A251A922B00675C8D /* AddChoreViewModel.swift in Sources */,
				4EC908AB25255601006C3BCF /* SettingsButtonView.swift in Sources */,
				4ECDBB9B250ABDA9002F5BC5 /* AppDelegate.swift in Sources */,
				4ECDBB9D250ABDA9002F5BC5 /* SceneDelegate.swift in Sources */,
				4E3CC760252A748E0019900B /* EditChoresMenuView.swift in Sources */,
				4EE2DE94251A8C3700675C8D /* AddChoreView.swift in Sources */,
				4EC908B125255860006C3BCF /* NextButtonView.swift in Sources */,
				4E86DA0C2517A79900A2021E /* EditChoresView.swift in Sources */,
				4ECDBB9F250ABDA9002F5BC5 /* MainView.swift in Sources */,
				4EC809EF2517AF2700C409E3 /* ChoreView.swift in Sources */,
				4E1FB23F250ABE110028CBA4 /* ChoresDatabase.swift in Sources */,
				4E1FB23D250ABE110028CBA4 /* Chore.swift in Sources */,
			);
			runOnlyForDeploymentPostprocessing = 0;
		};
		4ECDBBA9250ABDAA002F5BC5 /* Sources */ = {
			isa = PBXSourcesBuildPhase;
			buildActionMask = 2147483647;
			files = (
				4ECDBBB2250ABDAA002F5BC5 /* TinyChores03Tests.swift in Sources */,
			);
			runOnlyForDeploymentPostprocessing = 0;
		};
/* End PBXSourcesBuildPhase section */

/* Begin PBXTargetDependency section */
		4ECDBBAF250ABDAA002F5BC5 /* PBXTargetDependency */ = {
			isa = PBXTargetDependency;
			target = 4ECDBB96250ABDA9002F5BC5 /* TinyChores03 */;
			targetProxy = 4ECDBBAE250ABDAA002F5BC5 /* PBXContainerItemProxy */;
		};
/* End PBXTargetDependency section */

/* Begin PBXVariantGroup section */
		4ECDBBA5250ABDAA002F5BC5 /* LaunchScreen.storyboard */ = {
			isa = PBXVariantGroup;
			children = (
				4ECDBBA6250ABDAA002F5BC5 /* Base */,
			);
			name = LaunchScreen.storyboard;
			sourceTree = "<group>";
		};
/* End PBXVariantGroup section */

/* Begin XCBuildConfiguration section */
		4ECDBBB4250ABDAA002F5BC5 /* Debug */ = {
			isa = XCBuildConfiguration;
			buildSettings = {
				ALWAYS_SEARCH_USER_PATHS = NO;
				CLANG_ANALYZER_NONNULL = YES;
				CLANG_ANALYZER_NUMBER_OBJECT_CONVERSION = YES_AGGRESSIVE;
				CLANG_CXX_LANGUAGE_STANDARD = "gnu++14";
				CLANG_CXX_LIBRARY = "libc++";
				CLANG_ENABLE_MODULES = YES;
				CLANG_ENABLE_OBJC_ARC = YES;
				CLANG_ENABLE_OBJC_WEAK = YES;
				CLANG_WARN_BLOCK_CAPTURE_AUTORELEASING = YES;
				CLANG_WARN_BOOL_CONVERSION = YES;
				CLANG_WARN_COMMA = YES;
				CLANG_WARN_CONSTANT_CONVERSION = YES;
				CLANG_WARN_DEPRECATED_OBJC_IMPLEMENTATIONS = YES;
				CLANG_WARN_DIRECT_OBJC_ISA_USAGE = YES_ERROR;
				CLANG_WARN_DOCUMENTATION_COMMENTS = YES;
				CLANG_WARN_EMPTY_BODY = YES;
				CLANG_WARN_ENUM_CONVERSION = YES;
				CLANG_WARN_INFINITE_RECURSION = YES;
				CLANG_WARN_INT_CONVERSION = YES;
				CLANG_WARN_NON_LITERAL_NULL_CONVERSION = YES;
				CLANG_WARN_OBJC_IMPLICIT_RETAIN_SELF = YES;
				CLANG_WARN_OBJC_LITERAL_CONVERSION = YES;
				CLANG_WARN_OBJC_ROOT_CLASS = YES_ERROR;
				CLANG_WARN_QUOTED_INCLUDE_IN_FRAMEWORK_HEADER = YES;
				CLANG_WARN_RANGE_LOOP_ANALYSIS = YES;
				CLANG_WARN_STRICT_PROTOTYPES = YES;
				CLANG_WARN_SUSPICIOUS_MOVE = YES;
				CLANG_WARN_UNGUARDED_AVAILABILITY = YES_AGGRESSIVE;
				CLANG_WARN_UNREACHABLE_CODE = YES;
				CLANG_WARN__DUPLICATE_METHOD_MATCH = YES;
				COPY_PHASE_STRIP = NO;
				DEBUG_INFORMATION_FORMAT = dwarf;
				ENABLE_STRICT_OBJC_MSGSEND = YES;
				ENABLE_TESTABILITY = YES;
				GCC_C_LANGUAGE_STANDARD = gnu11;
				GCC_DYNAMIC_NO_PIC = NO;
				GCC_NO_COMMON_BLOCKS = YES;
				GCC_OPTIMIZATION_LEVEL = 0;
				GCC_PREPROCESSOR_DEFINITIONS = (
					"DEBUG=1",
					"$(inherited)",
				);
				GCC_WARN_64_TO_32_BIT_CONVERSION = YES;
				GCC_WARN_ABOUT_RETURN_TYPE = YES_ERROR;
				GCC_WARN_UNDECLARED_SELECTOR = YES;
				GCC_WARN_UNINITIALIZED_AUTOS = YES_AGGRESSIVE;
				GCC_WARN_UNUSED_FUNCTION = YES;
				GCC_WARN_UNUSED_VARIABLE = YES;
				IPHONEOS_DEPLOYMENT_TARGET = 14.0;
				MTL_ENABLE_DEBUG_INFO = INCLUDE_SOURCE;
				MTL_FAST_MATH = YES;
				ONLY_ACTIVE_ARCH = YES;
				SDKROOT = iphoneos;
				SWIFT_ACTIVE_COMPILATION_CONDITIONS = DEBUG;
				SWIFT_OPTIMIZATION_LEVEL = "-Onone";
			};
			name = Debug;
		};
		4ECDBBB5250ABDAA002F5BC5 /* Release */ = {
			isa = XCBuildConfiguration;
			buildSettings = {
				ALWAYS_SEARCH_USER_PATHS = NO;
				CLANG_ANALYZER_NONNULL = YES;
				CLANG_ANALYZER_NUMBER_OBJECT_CONVERSION = YES_AGGRESSIVE;
				CLANG_CXX_LANGUAGE_STANDARD = "gnu++14";
				CLANG_CXX_LIBRARY = "libc++";
				CLANG_ENABLE_MODULES = YES;
				CLANG_ENABLE_OBJC_ARC = YES;
				CLANG_ENABLE_OBJC_WEAK = YES;
				CLANG_WARN_BLOCK_CAPTURE_AUTORELEASING = YES;
				CLANG_WARN_BOOL_CONVERSION = YES;
				CLANG_WARN_COMMA = YES;
				CLANG_WARN_CONSTANT_CONVERSION = YES;
				CLANG_WARN_DEPRECATED_OBJC_IMPLEMENTATIONS = YES;
				CLANG_WARN_DIRECT_OBJC_ISA_USAGE = YES_ERROR;
				CLANG_WARN_DOCUMENTATION_COMMENTS = YES;
				CLANG_WARN_EMPTY_BODY = YES;
				CLANG_WARN_ENUM_CONVERSION = YES;
				CLANG_WARN_INFINITE_RECURSION = YES;
				CLANG_WARN_INT_CONVERSION = YES;
				CLANG_WARN_NON_LITERAL_NULL_CONVERSION = YES;
				CLANG_WARN_OBJC_IMPLICIT_RETAIN_SELF = YES;
				CLANG_WARN_OBJC_LITERAL_CONVERSION = YES;
				CLANG_WARN_OBJC_ROOT_CLASS = YES_ERROR;
				CLANG_WARN_QUOTED_INCLUDE_IN_FRAMEWORK_HEADER = YES;
				CLANG_WARN_RANGE_LOOP_ANALYSIS = YES;
				CLANG_WARN_STRICT_PROTOTYPES = YES;
				CLANG_WARN_SUSPICIOUS_MOVE = YES;
				CLANG_WARN_UNGUARDED_AVAILABILITY = YES_AGGRESSIVE;
				CLANG_WARN_UNREACHABLE_CODE = YES;
				CLANG_WARN__DUPLICATE_METHOD_MATCH = YES;
				COPY_PHASE_STRIP = NO;
				DEBUG_INFORMATION_FORMAT = "dwarf-with-dsym";
				ENABLE_NS_ASSERTIONS = NO;
				ENABLE_STRICT_OBJC_MSGSEND = YES;
				GCC_C_LANGUAGE_STANDARD = gnu11;
				GCC_NO_COMMON_BLOCKS = YES;
				GCC_WARN_64_TO_32_BIT_CONVERSION = YES;
				GCC_WARN_ABOUT_RETURN_TYPE = YES_ERROR;
				GCC_WARN_UNDECLARED_SELECTOR = YES;
				GCC_WARN_UNINITIALIZED_AUTOS = YES_AGGRESSIVE;
				GCC_WARN_UNUSED_FUNCTION = YES;
				GCC_WARN_UNUSED_VARIABLE = YES;
				IPHONEOS_DEPLOYMENT_TARGET = 14.0;
				MTL_ENABLE_DEBUG_INFO = NO;
				MTL_FAST_MATH = YES;
				SDKROOT = iphoneos;
				SWIFT_COMPILATION_MODE = wholemodule;
				SWIFT_OPTIMIZATION_LEVEL = "-O";
				VALIDATE_PRODUCT = YES;
			};
			name = Release;
		};
		4ECDBBB7250ABDAA002F5BC5 /* Debug */ = {
			isa = XCBuildConfiguration;
			buildSettings = {
				ASSETCATALOG_COMPILER_APPICON_NAME = AppIcon;
				CODE_SIGN_STYLE = Automatic;
				DEVELOPMENT_ASSET_PATHS = "\"TinyChores03/Preview Content\"";
				DEVELOPMENT_TEAM = T59AZ797LW;
				ENABLE_PREVIEWS = YES;
				INFOPLIST_FILE = TinyChores03/Info.plist;
				LD_RUNPATH_SEARCH_PATHS = (
					"$(inherited)",
					"@executable_path/Frameworks",
				);
				PRODUCT_BUNDLE_IDENTIFIER = xyz.preludeandfugue.TinyChores03;
				PRODUCT_NAME = "$(TARGET_NAME)";
				SWIFT_VERSION = 5.0;
				TARGETED_DEVICE_FAMILY = "1,2";
			};
			name = Debug;
		};
		4ECDBBB8250ABDAA002F5BC5 /* Release */ = {
			isa = XCBuildConfiguration;
			buildSettings = {
				ASSETCATALOG_COMPILER_APPICON_NAME = AppIcon;
				CODE_SIGN_STYLE = Automatic;
				DEVELOPMENT_ASSET_PATHS = "\"TinyChores03/Preview Content\"";
				DEVELOPMENT_TEAM = T59AZ797LW;
				ENABLE_PREVIEWS = YES;
				INFOPLIST_FILE = TinyChores03/Info.plist;
				LD_RUNPATH_SEARCH_PATHS = (
					"$(inherited)",
					"@executable_path/Frameworks",
				);
				PRODUCT_BUNDLE_IDENTIFIER = xyz.preludeandfugue.TinyChores03;
				PRODUCT_NAME = "$(TARGET_NAME)";
				SWIFT_VERSION = 5.0;
				TARGETED_DEVICE_FAMILY = "1,2";
			};
			name = Release;
		};
		4ECDBBBA250ABDAA002F5BC5 /* Debug */ = {
			isa = XCBuildConfiguration;
			buildSettings = {
				ALWAYS_EMBED_SWIFT_STANDARD_LIBRARIES = YES;
				BUNDLE_LOADER = "$(TEST_HOST)";
				CODE_SIGN_STYLE = Automatic;
				DEVELOPMENT_TEAM = T59AZ797LW;
				INFOPLIST_FILE = TinyChores03Tests/Info.plist;
				IPHONEOS_DEPLOYMENT_TARGET = 13.7;
				LD_RUNPATH_SEARCH_PATHS = (
					"$(inherited)",
					"@executable_path/Frameworks",
					"@loader_path/Frameworks",
				);
				PRODUCT_BUNDLE_IDENTIFIER = xyz.preludeandfugue.TinyChores03Tests;
				PRODUCT_NAME = "$(TARGET_NAME)";
				SWIFT_VERSION = 5.0;
				TARGETED_DEVICE_FAMILY = "1,2";
				TEST_HOST = "$(BUILT_PRODUCTS_DIR)/TinyChores03.app/TinyChores03";
			};
			name = Debug;
		};
		4ECDBBBB250ABDAA002F5BC5 /* Release */ = {
			isa = XCBuildConfiguration;
			buildSettings = {
				ALWAYS_EMBED_SWIFT_STANDARD_LIBRARIES = YES;
				BUNDLE_LOADER = "$(TEST_HOST)";
				CODE_SIGN_STYLE = Automatic;
				DEVELOPMENT_TEAM = T59AZ797LW;
				INFOPLIST_FILE = TinyChores03Tests/Info.plist;
				IPHONEOS_DEPLOYMENT_TARGET = 13.7;
				LD_RUNPATH_SEARCH_PATHS = (
					"$(inherited)",
					"@executable_path/Frameworks",
					"@loader_path/Frameworks",
				);
				PRODUCT_BUNDLE_IDENTIFIER = xyz.preludeandfugue.TinyChores03Tests;
				PRODUCT_NAME = "$(TARGET_NAME)";
				SWIFT_VERSION = 5.0;
				TARGETED_DEVICE_FAMILY = "1,2";
				TEST_HOST = "$(BUILT_PRODUCTS_DIR)/TinyChores03.app/TinyChores03";
			};
			name = Release;
		};
/* End XCBuildConfiguration section */

/* Begin XCConfigurationList section */
		4ECDBB92250ABDA9002F5BC5 /* Build configuration list for PBXProject "TinyChores03" */ = {
			isa = XCConfigurationList;
			buildConfigurations = (
				4ECDBBB4250ABDAA002F5BC5 /* Debug */,
				4ECDBBB5250ABDAA002F5BC5 /* Release */,
			);
			defaultConfigurationIsVisible = 0;
			defaultConfigurationName = Release;
		};
		4ECDBBB6250ABDAA002F5BC5 /* Build configuration list for PBXNativeTarget "TinyChores03" */ = {
			isa = XCConfigurationList;
			buildConfigurations = (
				4ECDBBB7250ABDAA002F5BC5 /* Debug */,
				4ECDBBB8250ABDAA002F5BC5 /* Release */,
			);
			defaultConfigurationIsVisible = 0;
			defaultConfigurationName = Release;
		};
		4ECDBBB9250ABDAA002F5BC5 /* Build configuration list for PBXNativeTarget "TinyChores03Tests" */ = {
			isa = XCConfigurationList;
			buildConfigurations = (
				4ECDBBBA250ABDAA002F5BC5 /* Debug */,
				4ECDBBBB250ABDAA002F5BC5 /* Release */,
			);
			defaultConfigurationIsVisible = 0;
			defaultConfigurationName = Release;
		};
/* End XCConfigurationList section */
	};
	rootObject = 4ECDBB8F250ABDA9002F5BC5 /* Project object */;
}
